
Microsoft Visual Studio Solution File, Format Version 12.00
# Visual Studio Version 16
VisualStudioVersion = 16.0.29424.173
MinimumVisualStudioVersion = 10.0.40219.1
Project("{FAE04EC0-301F-11D3-BF4B-00C04F79EFBC}") = "ConsoleApp1", "ConsoleApp1.csproj", "{F218BFAD-5F28-4B2B-97D5-04216384104A}"
EndProject
Project("{FAE04EC0-301F-11D3-BF4B-00C04F79EFBC}") = "test", "..\test\test.csproj", "{4109A63F-CD4D-41E4-B828-0B42E5702840}"
EndProject
Global
	GlobalSection(SolutionConfigurationPlatforms) = preSolution
		Debug|Any CPU = Debug|Any CPU
		Release|Any CPU = Release|Any CPU
	EndGlobalSection
	GlobalSection(ProjectConfigurationPlatforms) = postSolution
		{F218BFAD-5F28-4B2B-97D5-04216384104A}.Debug|Any CPU.ActiveCfg = Debug|Any CPU
		{F218BFAD-5F28-4B2B-97D5-04216384104A}.Debug|Any CPU.Build.0 = Debug|Any CPU
		{F218BFAD-5F28-4B2B-97D5-04216384104A}.Release|Any CPU.ActiveCfg = Release|Any CPU
		{F218BFAD-5F28-4B2B-97D5-04216384104A}.Release|Any CPU.Build.0 = Release|Any CPU
		{4109A63F-CD4D-41E4-B828-0B42E5702840}.Debug|Any CPU.ActiveCfg = Debug|Any CPU
		{4109A63F-CD4D-41E4-B828-0B42E5702840}.Debug|Any CPU.Build.0 = Debug|Any CPU
		{4109A63F-CD4D-41E4-B828-0B42E5702840}.Release|Any CPU.ActiveCfg = Release|Any CPU
		{4109A63F-CD4D-41E4-B828-0B42E5702840}.Release|Any CPU.Build.0 = Release|Any CPU
	EndGlobalSection
	GlobalSection(SolutionProperties) = preSolution
		HideSolutionNode = FALSE
	EndGlobalSection
	GlobalSection(ExtensibilityGlobals) = postSolution
		SolutionGuid = {8C489BB5-746A-4398-A33A-DC6EEBFA9EE9}
	EndGlobalSection
EndGlobal
