
Microsoft Visual Studio Solution File, Format Version 12.00
# Visual Studio Version 16
VisualStudioVersion = 16.0.29503.13
MinimumVisualStudioVersion = 10.0.40219.1
Project("{F2A71F9B-5D33-465A-A702-920D77279786}") = "FsharpTest", "FsharpTest.fsproj", "{77C781F1-F643-45C6-9FA0-A4D5787C822B}"
EndProject
Global
	GlobalSection(SolutionConfigurationPlatforms) = preSolution
		Debug|Any CPU = Debug|Any CPU
		Release|Any CPU = Release|Any CPU
	EndGlobalSection
	GlobalSection(ProjectConfigurationPlatforms) = postSolution
		{77C781F1-F643-45C6-9FA0-A4D5787C822B}.Debug|Any CPU.ActiveCfg = Debug|Any CPU
		{77C781F1-F643-45C6-9FA0-A4D5787C822B}.Debug|Any CPU.Build.0 = Debug|Any CPU
		{77C781F1-F643-45C6-9FA0-A4D5787C822B}.Release|Any CPU.ActiveCfg = Release|Any CPU
		{77C781F1-F643-45C6-9FA0-A4D5787C822B}.Release|Any CPU.Build.0 = Release|Any CPU
	EndGlobalSection
	GlobalSection(SolutionProperties) = preSolution
		HideSolutionNode = FALSE
	EndGlobalSection
	GlobalSection(ExtensibilityGlobals) = postSolution
		SolutionGuid = {C299ED78-76C8-44F0-A3BF-76B841DDBCFC}
	EndGlobalSection
EndGlobal
